
Microsoft Visual Studio Solution File, Format Version 12.00
# Visual Studio Version 17
VisualStudioVersion = 17.0.31903.59
MinimumVisualStudioVersion = 10.0.40219.1
Project("{FAE04EC0-301F-11D3-BF4B-00C04F79EFBC}") = "API", "API\API.csproj", "{D1838002-9588-4E98-B6F0-48F607090C85}"
EndProject
Project("{FAE04EC0-301F-11D3-BF4B-00C04F79EFBC}") = "Application", "Application\Application.csproj", "{373B770E-48DE-4496-AF76-8BF212114046}"
EndProject
Project("{FAE04EC0-301F-11D3-BF4B-00C04F79EFBC}") = "Domain", "Domain\Domain.csproj", "{D1980378-C400-41E5-BD5D-8522C41A7688}"
EndProject
Project("{FAE04EC0-301F-11D3-BF4B-00C04F79EFBC}") = "Persistence", "Persistence\Persistence.csproj", "{5C1BF65F-CE01-43E8-BF4E-0C418C27E2EB}"
EndProject
Global
	GlobalSection(SolutionConfigurationPlatforms) = preSolution
		Debug|Any CPU = Debug|Any CPU
		Release|Any CPU = Release|Any CPU
	EndGlobalSection
	GlobalSection(SolutionProperties) = preSolution
		HideSolutionNode = FALSE
	EndGlobalSection
	GlobalSection(ProjectConfigurationPlatforms) = postSolution
		{D1838002-9588-4E98-B6F0-48F607090C85}.Debug|Any CPU.ActiveCfg = Debug|Any CPU
		{D1838002-9588-4E98-B6F0-48F607090C85}.Debug|Any CPU.Build.0 = Debug|Any CPU
		{D1838002-9588-4E98-B6F0-48F607090C85}.Release|Any CPU.ActiveCfg = Release|Any CPU
		{D1838002-9588-4E98-B6F0-48F607090C85}.Release|Any CPU.Build.0 = Release|Any CPU
		{373B770E-48DE-4496-AF76-8BF212114046}.Debug|Any CPU.ActiveCfg = Debug|Any CPU
		{373B770E-48DE-4496-AF76-8BF212114046}.Debug|Any CPU.Build.0 = Debug|Any CPU
		{373B770E-48DE-4496-AF76-8BF212114046}.Release|Any CPU.ActiveCfg = Release|Any CPU
		{373B770E-48DE-4496-AF76-8BF212114046}.Release|Any CPU.Build.0 = Release|Any CPU
		{D1980378-C400-41E5-BD5D-8522C41A7688}.Debug|Any CPU.ActiveCfg = Debug|Any CPU
		{D1980378-C400-41E5-BD5D-8522C41A7688}.Debug|Any CPU.Build.0 = Debug|Any CPU
		{D1980378-C400-41E5-BD5D-8522C41A7688}.Release|Any CPU.ActiveCfg = Release|Any CPU
		{D1980378-C400-41E5-BD5D-8522C41A7688}.Release|Any CPU.Build.0 = Release|Any CPU
		{5C1BF65F-CE01-43E8-BF4E-0C418C27E2EB}.Debug|Any CPU.ActiveCfg = Debug|Any CPU
		{5C1BF65F-CE01-43E8-BF4E-0C418C27E2EB}.Debug|Any CPU.Build.0 = Debug|Any CPU
		{5C1BF65F-CE01-43E8-BF4E-0C418C27E2EB}.Release|Any CPU.ActiveCfg = Release|Any CPU
		{5C1BF65F-CE01-43E8-BF4E-0C418C27E2EB}.Release|Any CPU.Build.0 = Release|Any CPU
	EndGlobalSection
EndGlobal
